
Microsoft Visual Studio Solution File, Format Version 12.00
# Visual Studio 15
VisualStudioVersion = 15.0.28307.1062
MinimumVisualStudioVersion = 10.0.40219.1
Project("{FAE04EC0-301F-11D3-BF4B-00C04F79EFBC}") = "neural net test", "neural net test\neural net test.csproj", "{CA3CD757-EE9C-4B54-81FF-8A6379AFE653}"
EndProject
Global
	GlobalSection(SolutionConfigurationPlatforms) = preSolution
		Debug|Any CPU = Debug|Any CPU
		Release|Any CPU = Release|Any CPU
	EndGlobalSection
	GlobalSection(ProjectConfigurationPlatforms) = postSolution
		{CA3CD757-EE9C-4B54-81FF-8A6379AFE653}.Debug|Any CPU.ActiveCfg = Debug|Any CPU
		{CA3CD757-EE9C-4B54-81FF-8A6379AFE653}.Debug|Any CPU.Build.0 = Debug|Any CPU
		{CA3CD757-EE9C-4B54-81FF-8A6379AFE653}.Release|Any CPU.ActiveCfg = Release|Any CPU
		{CA3CD757-EE9C-4B54-81FF-8A6379AFE653}.Release|Any CPU.Build.0 = Release|Any CPU
	EndGlobalSection
	GlobalSection(SolutionProperties) = preSolution
		HideSolutionNode = FALSE
	EndGlobalSection
	GlobalSection(ExtensibilityGlobals) = postSolution
		SolutionGuid = {AF6DD908-0635-4D8D-827E-A858B8DB3336}
	EndGlobalSection
EndGlobal
